
Microsoft Visual Studio Solution File, Format Version 12.00
# Visual Studio 2010
Project("{FAE04EC0-301F-11D3-BF4B-00C04F79EFBC}") = "moleQule.ToolBox", "moleQule.ToolBox\moleQule.ToolBox.csproj", "{0D5E296C-8A53-4395-B997-E47491962E58}"
EndProject
Project("{FAE04EC0-301F-11D3-BF4B-00C04F79EFBC}") = "moleQule.Face", "moleQule.Face\moleQule.Face.csproj", "{0E6AC892-4ABD-40EC-A08B-8413303526E9}"
	ProjectSection(ProjectDependencies) = postProject
		{64158698-9657-44B3-ABF6-B69DAB6774C0} = {64158698-9657-44B3-ABF6-B69DAB6774C0}
	EndProjectSection
EndProject
Project("{FAE04EC0-301F-11D3-BF4B-00C04F79EFBC}") = "moleQule.Library", "moleQule.Library\moleQule.Library.csproj", "{64158698-9657-44B3-ABF6-B69DAB6774C0}"
EndProject
Project("{FAE04EC0-301F-11D3-BF4B-00C04F79EFBC}") = "moleQule.DBCreator", "moleQule.DBCreator\moleQule.DBCreator.csproj", "{1A481823-C3DD-4459-BC90-871F0A028BD8}"
EndProject
Project("{FAE04EC0-301F-11D3-BF4B-00C04F79EFBC}") = "moleQule.Config", "moleQule.Config\moleQule.Config.csproj", "{A3A43B86-3F22-4988-BCD5-A17F8389F46E}"
EndProject
Project("{2150E333-8FDC-42A3-9474-1A3956D46DE8}") = ".nuget", ".nuget", "{78F6ABA9-C252-4FFB-AF86-3D05439CFC35}"
	ProjectSection(SolutionItems) = preProject
		.nuget\NuGet.Config = .nuget\NuGet.Config
		.nuget\NuGet.exe = .nuget\NuGet.exe
		.nuget\NuGet.targets = .nuget\NuGet.targets
	EndProjectSection
EndProject
Project("{FAE04EC0-301F-11D3-BF4B-00C04F79EFBC}") = "moleQule.Library.Common", "moleQule.Common\code\Library\moleQule.Library.Common.csproj", "{BB5E684D-D75B-468B-A450-049A2F348A4D}"
EndProject
Project("{FAE04EC0-301F-11D3-BF4B-00C04F79EFBC}") = "moleQule.WebFace", "moleQule.WebFace\moleQule.WebFace.csproj", "{C88D1E33-7B8A-4CFE-BB54-1629A656078F}"
EndProject
Project("{FAE04EC0-301F-11D3-BF4B-00C04F79EFBC}") = "moleQule.WebFace.Common", "moleQule.Common\code\WebFace\moleQule.WebFace.Common.csproj", "{F6F9E351-443D-41C9-B97F-5889D85EC24F}"
EndProject
Project("{FAE04EC0-301F-11D3-BF4B-00C04F79EFBC}") = "moleQule.Plugin.CaptureImage", "moleQule.Plugin.CaptureImage\moleQule.Plugin.CaptureImage\moleQule.Plugin.CaptureImage.csproj", "{F5EAFD24-67D2-4C5E-91A4-1739CA0B2C4B}"
EndProject
Global
	GlobalSection(SolutionConfigurationPlatforms) = preSolution
		Debug|Any CPU = Debug|Any CPU
		Debug|x64 = Debug|x64
		Debug|x86 = Debug|x86
		Demo|Any CPU = Demo|Any CPU
		Demo|x64 = Demo|x64
		Demo|x86 = Demo|x86
		Dev4|Any CPU = Dev4|Any CPU
		Dev4|x64 = Dev4|x64
		Dev4|x86 = Dev4|x86
		Release|Any CPU = Release|Any CPU
		Release|x64 = Release|x64
		Release|x86 = Release|x86
		Staging|Any CPU = Staging|Any CPU
		Staging|x64 = Staging|x64
		Staging|x86 = Staging|x86
	EndGlobalSection
	GlobalSection(ProjectConfigurationPlatforms) = postSolution
		{0D5E296C-8A53-4395-B997-E47491962E58}.Debug|Any CPU.ActiveCfg = Debug|Any CPU
		{0D5E296C-8A53-4395-B997-E47491962E58}.Debug|Any CPU.Build.0 = Debug|Any CPU
		{0D5E296C-8A53-4395-B997-E47491962E58}.Debug|x64.ActiveCfg = Debug|Any CPU
		{0D5E296C-8A53-4395-B997-E47491962E58}.Debug|x86.ActiveCfg = Debug|Any CPU
		{0D5E296C-8A53-4395-B997-E47491962E58}.Demo|Any CPU.ActiveCfg = Debug|Any CPU
		{0D5E296C-8A53-4395-B997-E47491962E58}.Demo|x64.ActiveCfg = Debug|Any CPU
		{0D5E296C-8A53-4395-B997-E47491962E58}.Demo|x86.ActiveCfg = Debug|Any CPU
		{0D5E296C-8A53-4395-B997-E47491962E58}.Dev4|Any CPU.ActiveCfg = Debug|Any CPU
		{0D5E296C-8A53-4395-B997-E47491962E58}.Dev4|x64.ActiveCfg = Debug|Any CPU
		{0D5E296C-8A53-4395-B997-E47491962E58}.Dev4|x86.ActiveCfg = Debug|Any CPU
		{0D5E296C-8A53-4395-B997-E47491962E58}.Release|Any CPU.ActiveCfg = Release|Any CPU
		{0D5E296C-8A53-4395-B997-E47491962E58}.Release|Any CPU.Build.0 = Release|Any CPU
		{0D5E296C-8A53-4395-B997-E47491962E58}.Release|x64.ActiveCfg = Release|Any CPU
		{0D5E296C-8A53-4395-B997-E47491962E58}.Release|x86.ActiveCfg = Release|Any CPU
		{0D5E296C-8A53-4395-B997-E47491962E58}.Staging|Any CPU.ActiveCfg = Release|Any CPU
		{0D5E296C-8A53-4395-B997-E47491962E58}.Staging|x64.ActiveCfg = Release|Any CPU
		{0D5E296C-8A53-4395-B997-E47491962E58}.Staging|x86.ActiveCfg = Release|Any CPU
		{0E6AC892-4ABD-40EC-A08B-8413303526E9}.Debug|Any CPU.ActiveCfg = Debug|Any CPU
		{0E6AC892-4ABD-40EC-A08B-8413303526E9}.Debug|Any CPU.Build.0 = Debug|Any CPU
		{0E6AC892-4ABD-40EC-A08B-8413303526E9}.Debug|x64.ActiveCfg = Debug|x86
		{0E6AC892-4ABD-40EC-A08B-8413303526E9}.Debug|x86.ActiveCfg = Debug|x86
		{0E6AC892-4ABD-40EC-A08B-8413303526E9}.Demo|Any CPU.ActiveCfg = Demo|Any CPU
		{0E6AC892-4ABD-40EC-A08B-8413303526E9}.Demo|x64.ActiveCfg = Demo|x86
		{0E6AC892-4ABD-40EC-A08B-8413303526E9}.Demo|x86.ActiveCfg = Demo|x86
		{0E6AC892-4ABD-40EC-A08B-8413303526E9}.Dev4|Any CPU.ActiveCfg = Demo|x86
		{0E6AC892-4ABD-40EC-A08B-8413303526E9}.Dev4|x64.ActiveCfg = Demo|x86
		{0E6AC892-4ABD-40EC-A08B-8413303526E9}.Dev4|x86.ActiveCfg = Demo|x86
		{0E6AC892-4ABD-40EC-A08B-8413303526E9}.Release|Any CPU.ActiveCfg = Release|Any CPU
		{0E6AC892-4ABD-40EC-A08B-8413303526E9}.Release|Any CPU.Build.0 = Release|Any CPU
		{0E6AC892-4ABD-40EC-A08B-8413303526E9}.Release|x64.ActiveCfg = Release|x86
		{0E6AC892-4ABD-40EC-A08B-8413303526E9}.Release|x86.ActiveCfg = Release|x86
		{0E6AC892-4ABD-40EC-A08B-8413303526E9}.Staging|Any CPU.ActiveCfg = Demo|x86
		{0E6AC892-4ABD-40EC-A08B-8413303526E9}.Staging|x64.ActiveCfg = Demo|x86
		{0E6AC892-4ABD-40EC-A08B-8413303526E9}.Staging|x86.ActiveCfg = Demo|x86
		{64158698-9657-44B3-ABF6-B69DAB6774C0}.Debug|Any CPU.ActiveCfg = Debug|Any CPU
		{64158698-9657-44B3-ABF6-B69DAB6774C0}.Debug|Any CPU.Build.0 = Debug|Any CPU
		{64158698-9657-44B3-ABF6-B69DAB6774C0}.Debug|x64.ActiveCfg = Debug|x64
		{64158698-9657-44B3-ABF6-B69DAB6774C0}.Debug|x86.ActiveCfg = Debug|x86
		{64158698-9657-44B3-ABF6-B69DAB6774C0}.Demo|Any CPU.ActiveCfg = Demo|Any CPU
		{64158698-9657-44B3-ABF6-B69DAB6774C0}.Demo|x64.ActiveCfg = Demo|x64
		{64158698-9657-44B3-ABF6-B69DAB6774C0}.Demo|x86.ActiveCfg = Demo|x86
		{64158698-9657-44B3-ABF6-B69DAB6774C0}.Dev4|Any CPU.ActiveCfg = Develop|x86
		{64158698-9657-44B3-ABF6-B69DAB6774C0}.Dev4|x64.ActiveCfg = Develop|x86
		{64158698-9657-44B3-ABF6-B69DAB6774C0}.Dev4|x86.ActiveCfg = Develop|x86
		{64158698-9657-44B3-ABF6-B69DAB6774C0}.Dev4|x86.Build.0 = Develop|x86
		{64158698-9657-44B3-ABF6-B69DAB6774C0}.Release|Any CPU.ActiveCfg = Release|Any CPU
		{64158698-9657-44B3-ABF6-B69DAB6774C0}.Release|Any CPU.Build.0 = Release|Any CPU
		{64158698-9657-44B3-ABF6-B69DAB6774C0}.Release|x64.ActiveCfg = Release|x64
		{64158698-9657-44B3-ABF6-B69DAB6774C0}.Release|x86.ActiveCfg = Release|x86
		{64158698-9657-44B3-ABF6-B69DAB6774C0}.Staging|Any CPU.ActiveCfg = Staging|Any CPU
		{64158698-9657-44B3-ABF6-B69DAB6774C0}.Staging|x64.ActiveCfg = Staging|x64
		{64158698-9657-44B3-ABF6-B69DAB6774C0}.Staging|x86.ActiveCfg = Staging|x86
		{1A481823-C3DD-4459-BC90-871F0A028BD8}.Debug|Any CPU.ActiveCfg = Debug|Any CPU
		{1A481823-C3DD-4459-BC90-871F0A028BD8}.Debug|Any CPU.Build.0 = Debug|Any CPU
		{1A481823-C3DD-4459-BC90-871F0A028BD8}.Debug|x64.ActiveCfg = Debug|Any CPU
		{1A481823-C3DD-4459-BC90-871F0A028BD8}.Debug|x86.ActiveCfg = Debug|Any CPU
		{1A481823-C3DD-4459-BC90-871F0A028BD8}.Demo|Any CPU.ActiveCfg = Debug|Any CPU
		{1A481823-C3DD-4459-BC90-871F0A028BD8}.Demo|Any CPU.Build.0 = Debug|Any CPU
		{1A481823-C3DD-4459-BC90-871F0A028BD8}.Demo|x64.ActiveCfg = Debug|Any CPU
		{1A481823-C3DD-4459-BC90-871F0A028BD8}.Demo|x86.ActiveCfg = Debug|Any CPU
		{1A481823-C3DD-4459-BC90-871F0A028BD8}.Dev4|Any CPU.ActiveCfg = Debug|Any CPU
		{1A481823-C3DD-4459-BC90-871F0A028BD8}.Dev4|x64.ActiveCfg = Debug|Any CPU
		{1A481823-C3DD-4459-BC90-871F0A028BD8}.Dev4|x86.ActiveCfg = Debug|Any CPU
		{1A481823-C3DD-4459-BC90-871F0A028BD8}.Release|Any CPU.ActiveCfg = Release|Any CPU
		{1A481823-C3DD-4459-BC90-871F0A028BD8}.Release|Any CPU.Build.0 = Release|Any CPU
		{1A481823-C3DD-4459-BC90-871F0A028BD8}.Release|x64.ActiveCfg = Release|Any CPU
		{1A481823-C3DD-4459-BC90-871F0A028BD8}.Release|x86.ActiveCfg = Release|Any CPU
		{1A481823-C3DD-4459-BC90-871F0A028BD8}.Staging|Any CPU.ActiveCfg = Release|Any CPU
		{1A481823-C3DD-4459-BC90-871F0A028BD8}.Staging|Any CPU.Build.0 = Release|Any CPU
		{1A481823-C3DD-4459-BC90-871F0A028BD8}.Staging|x64.ActiveCfg = Release|Any CPU
		{1A481823-C3DD-4459-BC90-871F0A028BD8}.Staging|x86.ActiveCfg = Release|Any CPU
		{A3A43B86-3F22-4988-BCD5-A17F8389F46E}.Debug|Any CPU.ActiveCfg = Debug|Any CPU
		{A3A43B86-3F22-4988-BCD5-A17F8389F46E}.Debug|Any CPU.Build.0 = Debug|Any CPU
		{A3A43B86-3F22-4988-BCD5-A17F8389F46E}.Debug|x64.ActiveCfg = Debug|Any CPU
		{A3A43B86-3F22-4988-BCD5-A17F8389F46E}.Debug|x86.ActiveCfg = Debug|Any CPU
		{A3A43B86-3F22-4988-BCD5-A17F8389F46E}.Demo|Any CPU.ActiveCfg = Debug|Any CPU
		{A3A43B86-3F22-4988-BCD5-A17F8389F46E}.Demo|x64.ActiveCfg = Debug|Any CPU
		{A3A43B86-3F22-4988-BCD5-A17F8389F46E}.Demo|x86.ActiveCfg = Debug|Any CPU
		{A3A43B86-3F22-4988-BCD5-A17F8389F46E}.Dev4|Any CPU.ActiveCfg = Debug|Any CPU
		{A3A43B86-3F22-4988-BCD5-A17F8389F46E}.Dev4|x64.ActiveCfg = Debug|Any CPU
		{A3A43B86-3F22-4988-BCD5-A17F8389F46E}.Dev4|x86.ActiveCfg = Debug|Any CPU
		{A3A43B86-3F22-4988-BCD5-A17F8389F46E}.Release|Any CPU.ActiveCfg = Release|Any CPU
		{A3A43B86-3F22-4988-BCD5-A17F8389F46E}.Release|Any CPU.Build.0 = Release|Any CPU
		{A3A43B86-3F22-4988-BCD5-A17F8389F46E}.Release|x64.ActiveCfg = Release|Any CPU
		{A3A43B86-3F22-4988-BCD5-A17F8389F46E}.Release|x86.ActiveCfg = Release|Any CPU
		{A3A43B86-3F22-4988-BCD5-A17F8389F46E}.Staging|Any CPU.ActiveCfg = Release|Any CPU
		{A3A43B86-3F22-4988-BCD5-A17F8389F46E}.Staging|x64.ActiveCfg = Release|Any CPU
		{A3A43B86-3F22-4988-BCD5-A17F8389F46E}.Staging|x86.ActiveCfg = Release|Any CPU
		{BB5E684D-D75B-468B-A450-049A2F348A4D}.Debug|Any CPU.ActiveCfg = Debug|Any CPU
		{BB5E684D-D75B-468B-A450-049A2F348A4D}.Debug|Any CPU.Build.0 = Debug|Any CPU
		{BB5E684D-D75B-468B-A450-049A2F348A4D}.Debug|x64.ActiveCfg = Debug|x86
		{BB5E684D-D75B-468B-A450-049A2F348A4D}.Debug|x86.ActiveCfg = Debug|x86
		{BB5E684D-D75B-468B-A450-049A2F348A4D}.Debug|x86.Build.0 = Debug|x86
		{BB5E684D-D75B-468B-A450-049A2F348A4D}.Demo|Any CPU.ActiveCfg = Demo|Any CPU
		{BB5E684D-D75B-468B-A450-049A2F348A4D}.Demo|Any CPU.Build.0 = Demo|Any CPU
		{BB5E684D-D75B-468B-A450-049A2F348A4D}.Demo|x64.ActiveCfg = Demo|x86
		{BB5E684D-D75B-468B-A450-049A2F348A4D}.Demo|x86.ActiveCfg = Demo|x86
		{BB5E684D-D75B-468B-A450-049A2F348A4D}.Demo|x86.Build.0 = Demo|x86
		{BB5E684D-D75B-468B-A450-049A2F348A4D}.Dev4|Any CPU.ActiveCfg = Demo|x86
		{BB5E684D-D75B-468B-A450-049A2F348A4D}.Dev4|x64.ActiveCfg = Demo|x86
		{BB5E684D-D75B-468B-A450-049A2F348A4D}.Dev4|x86.ActiveCfg = Demo|x86
		{BB5E684D-D75B-468B-A450-049A2F348A4D}.Dev4|x86.Build.0 = Demo|x86
		{BB5E684D-D75B-468B-A450-049A2F348A4D}.Release|Any CPU.ActiveCfg = Release|Any CPU
		{BB5E684D-D75B-468B-A450-049A2F348A4D}.Release|Any CPU.Build.0 = Release|Any CPU
		{BB5E684D-D75B-468B-A450-049A2F348A4D}.Release|x64.ActiveCfg = Release|x86
		{BB5E684D-D75B-468B-A450-049A2F348A4D}.Release|x86.ActiveCfg = Release|x86
		{BB5E684D-D75B-468B-A450-049A2F348A4D}.Release|x86.Build.0 = Release|x86
		{BB5E684D-D75B-468B-A450-049A2F348A4D}.Staging|Any CPU.ActiveCfg = Release|x86
		{BB5E684D-D75B-468B-A450-049A2F348A4D}.Staging|x64.ActiveCfg = Release|x86
		{BB5E684D-D75B-468B-A450-049A2F348A4D}.Staging|x86.ActiveCfg = Release|x86
		{BB5E684D-D75B-468B-A450-049A2F348A4D}.Staging|x86.Build.0 = Release|x86
		{C88D1E33-7B8A-4CFE-BB54-1629A656078F}.Debug|Any CPU.ActiveCfg = Debug|Any CPU
		{C88D1E33-7B8A-4CFE-BB54-1629A656078F}.Debug|Any CPU.Build.0 = Debug|Any CPU
		{C88D1E33-7B8A-4CFE-BB54-1629A656078F}.Debug|x64.ActiveCfg = Debug|x64
		{C88D1E33-7B8A-4CFE-BB54-1629A656078F}.Debug|x64.Build.0 = Debug|x64
		{C88D1E33-7B8A-4CFE-BB54-1629A656078F}.Debug|x86.ActiveCfg = Debug|x86
		{C88D1E33-7B8A-4CFE-BB54-1629A656078F}.Debug|x86.Build.0 = Debug|x86
		{C88D1E33-7B8A-4CFE-BB54-1629A656078F}.Demo|Any CPU.ActiveCfg = Dev2|x86
		{C88D1E33-7B8A-4CFE-BB54-1629A656078F}.Demo|x64.ActiveCfg = Dev2|x86
		{C88D1E33-7B8A-4CFE-BB54-1629A656078F}.Demo|x86.ActiveCfg = Dev2|x86
		{C88D1E33-7B8A-4CFE-BB54-1629A656078F}.Demo|x86.Build.0 = Dev2|x86
		{C88D1E33-7B8A-4CFE-BB54-1629A656078F}.Dev4|Any CPU.ActiveCfg = Dev2|x86
		{C88D1E33-7B8A-4CFE-BB54-1629A656078F}.Dev4|x64.ActiveCfg = Dev2|x86
		{C88D1E33-7B8A-4CFE-BB54-1629A656078F}.Dev4|x86.ActiveCfg = Dev2|x86
		{C88D1E33-7B8A-4CFE-BB54-1629A656078F}.Dev4|x86.Build.0 = Dev2|x86
		{C88D1E33-7B8A-4CFE-BB54-1629A656078F}.Release|Any CPU.ActiveCfg = Release|Any CPU
		{C88D1E33-7B8A-4CFE-BB54-1629A656078F}.Release|Any CPU.Build.0 = Release|Any CPU
		{C88D1E33-7B8A-4CFE-BB54-1629A656078F}.Release|x64.ActiveCfg = Release|x64
		{C88D1E33-7B8A-4CFE-BB54-1629A656078F}.Release|x64.Build.0 = Release|x64
		{C88D1E33-7B8A-4CFE-BB54-1629A656078F}.Release|x86.ActiveCfg = Release|x86
		{C88D1E33-7B8A-4CFE-BB54-1629A656078F}.Release|x86.Build.0 = Release|x86
		{C88D1E33-7B8A-4CFE-BB54-1629A656078F}.Staging|Any CPU.ActiveCfg = Staging|Any CPU
		{C88D1E33-7B8A-4CFE-BB54-1629A656078F}.Staging|Any CPU.Build.0 = Staging|Any CPU
		{C88D1E33-7B8A-4CFE-BB54-1629A656078F}.Staging|x64.ActiveCfg = Staging|x64
		{C88D1E33-7B8A-4CFE-BB54-1629A656078F}.Staging|x64.Build.0 = Staging|x64
		{C88D1E33-7B8A-4CFE-BB54-1629A656078F}.Staging|x86.ActiveCfg = Staging|x86
		{C88D1E33-7B8A-4CFE-BB54-1629A656078F}.Staging|x86.Build.0 = Staging|x86
		{F6F9E351-443D-41C9-B97F-5889D85EC24F}.Debug|Any CPU.ActiveCfg = Debug|Any CPU
		{F6F9E351-443D-41C9-B97F-5889D85EC24F}.Debug|Any CPU.Build.0 = Debug|Any CPU
		{F6F9E351-443D-41C9-B97F-5889D85EC24F}.Debug|x64.ActiveCfg = Debug|x64
		{F6F9E351-443D-41C9-B97F-5889D85EC24F}.Debug|x64.Build.0 = Debug|x64
		{F6F9E351-443D-41C9-B97F-5889D85EC24F}.Debug|x86.ActiveCfg = Debug|x86
		{F6F9E351-443D-41C9-B97F-5889D85EC24F}.Debug|x86.Build.0 = Debug|x86
		{F6F9E351-443D-41C9-B97F-5889D85EC24F}.Demo|Any CPU.ActiveCfg = Debug|x86
		{F6F9E351-443D-41C9-B97F-5889D85EC24F}.Demo|x64.ActiveCfg = Debug|x86
		{F6F9E351-443D-41C9-B97F-5889D85EC24F}.Demo|x86.ActiveCfg = Debug|x86
		{F6F9E351-443D-41C9-B97F-5889D85EC24F}.Demo|x86.Build.0 = Debug|x86
		{F6F9E351-443D-41C9-B97F-5889D85EC24F}.Dev4|Any CPU.ActiveCfg = Debug|x86
		{F6F9E351-443D-41C9-B97F-5889D85EC24F}.Dev4|x64.ActiveCfg = Debug|x86
		{F6F9E351-443D-41C9-B97F-5889D85EC24F}.Dev4|x86.ActiveCfg = Debug|x86
		{F6F9E351-443D-41C9-B97F-5889D85EC24F}.Dev4|x86.Build.0 = Debug|x86
		{F6F9E351-443D-41C9-B97F-5889D85EC24F}.Release|Any CPU.ActiveCfg = Release|Any CPU
		{F6F9E351-443D-41C9-B97F-5889D85EC24F}.Release|Any CPU.Build.0 = Release|Any CPU
		{F6F9E351-443D-41C9-B97F-5889D85EC24F}.Release|x64.ActiveCfg = Release|x64
		{F6F9E351-443D-41C9-B97F-5889D85EC24F}.Release|x64.Build.0 = Release|x64
		{F6F9E351-443D-41C9-B97F-5889D85EC24F}.Release|x86.ActiveCfg = Release|x86
		{F6F9E351-443D-41C9-B97F-5889D85EC24F}.Release|x86.Build.0 = Release|x86
		{F6F9E351-443D-41C9-B97F-5889D85EC24F}.Staging|Any CPU.ActiveCfg = Staging|Any CPU
		{F6F9E351-443D-41C9-B97F-5889D85EC24F}.Staging|Any CPU.Build.0 = Staging|Any CPU
		{F6F9E351-443D-41C9-B97F-5889D85EC24F}.Staging|x64.ActiveCfg = Staging|x64
		{F6F9E351-443D-41C9-B97F-5889D85EC24F}.Staging|x64.Build.0 = Staging|x64
		{F6F9E351-443D-41C9-B97F-5889D85EC24F}.Staging|x86.ActiveCfg = Staging|x86
		{F6F9E351-443D-41C9-B97F-5889D85EC24F}.Staging|x86.Build.0 = Staging|x86
		{F5EAFD24-67D2-4C5E-91A4-1739CA0B2C4B}.Debug|Any CPU.ActiveCfg = Debug|Any CPU
		{F5EAFD24-67D2-4C5E-91A4-1739CA0B2C4B}.Debug|Any CPU.Build.0 = Debug|Any CPU
		{F5EAFD24-67D2-4C5E-91A4-1739CA0B2C4B}.Debug|x64.ActiveCfg = Debug|x64
		{F5EAFD24-67D2-4C5E-91A4-1739CA0B2C4B}.Debug|x64.Build.0 = Debug|x64
		{F5EAFD24-67D2-4C5E-91A4-1739CA0B2C4B}.Debug|x86.ActiveCfg = Debug|x86
		{F5EAFD24-67D2-4C5E-91A4-1739CA0B2C4B}.Debug|x86.Build.0 = Debug|x86
		{F5EAFD24-67D2-4C5E-91A4-1739CA0B2C4B}.Demo|Any CPU.ActiveCfg = Debug|x86
		{F5EAFD24-67D2-4C5E-91A4-1739CA0B2C4B}.Demo|x64.ActiveCfg = Debug|x86
		{F5EAFD24-67D2-4C5E-91A4-1739CA0B2C4B}.Demo|x86.ActiveCfg = Debug|x86
		{F5EAFD24-67D2-4C5E-91A4-1739CA0B2C4B}.Demo|x86.Build.0 = Debug|x86
		{F5EAFD24-67D2-4C5E-91A4-1739CA0B2C4B}.Dev4|Any CPU.ActiveCfg = Debug|x86
		{F5EAFD24-67D2-4C5E-91A4-1739CA0B2C4B}.Dev4|x64.ActiveCfg = Debug|x86
		{F5EAFD24-67D2-4C5E-91A4-1739CA0B2C4B}.Dev4|x86.ActiveCfg = Debug|x86
		{F5EAFD24-67D2-4C5E-91A4-1739CA0B2C4B}.Dev4|x86.Build.0 = Debug|x86
		{F5EAFD24-67D2-4C5E-91A4-1739CA0B2C4B}.Release|Any CPU.ActiveCfg = Release|Any CPU
		{F5EAFD24-67D2-4C5E-91A4-1739CA0B2C4B}.Release|Any CPU.Build.0 = Release|Any CPU
		{F5EAFD24-67D2-4C5E-91A4-1739CA0B2C4B}.Release|x64.ActiveCfg = Release|x64
		{F5EAFD24-67D2-4C5E-91A4-1739CA0B2C4B}.Release|x64.Build.0 = Release|x64
		{F5EAFD24-67D2-4C5E-91A4-1739CA0B2C4B}.Release|x86.ActiveCfg = Release|x86
		{F5EAFD24-67D2-4C5E-91A4-1739CA0B2C4B}.Release|x86.Build.0 = Release|x86
		{F5EAFD24-67D2-4C5E-91A4-1739CA0B2C4B}.Staging|Any CPU.ActiveCfg = Staging|Any CPU
		{F5EAFD24-67D2-4C5E-91A4-1739CA0B2C4B}.Staging|Any CPU.Build.0 = Staging|Any CPU
		{F5EAFD24-67D2-4C5E-91A4-1739CA0B2C4B}.Staging|x64.ActiveCfg = Staging|x64
		{F5EAFD24-67D2-4C5E-91A4-1739CA0B2C4B}.Staging|x64.Build.0 = Staging|x64
		{F5EAFD24-67D2-4C5E-91A4-1739CA0B2C4B}.Staging|x86.ActiveCfg = Staging|x86
		{F5EAFD24-67D2-4C5E-91A4-1739CA0B2C4B}.Staging|x86.Build.0 = Staging|x86
	EndGlobalSection
	GlobalSection(SolutionProperties) = preSolution
		HideSolutionNode = FALSE
	EndGlobalSection
EndGlobal
