
Microsoft Visual Studio Solution File, Format Version 11.00
# Visual Studio 2010
Project("{2150E333-8FDC-42A3-9474-1A3956D46DE8}") = ".nuget", ".nuget", "{68C92053-BFA0-410B-A89A-EE85FDA9E2A8}"
	ProjectSection(SolutionItems) = preProject
		.nuget\NuGet.Config = .nuget\NuGet.Config
		.nuget\NuGet.exe = .nuget\NuGet.exe
		.nuget\NuGet.targets = .nuget\NuGet.targets
	EndProjectSection
EndProject
Project("{FAE04EC0-301F-11D3-BF4B-00C04F79EFBC}") = "moleQule.Tools.Qapture", "moleQule.Tools.Qapture\moleQule.Tools.Qapture.csproj", "{0F100855-31B2-467B-AB74-F9504987923B}"
EndProject
Project("{FAE04EC0-301F-11D3-BF4B-00C04F79EFBC}") = "moleQule.Example.Qapture", "moleQule.Example.Qapture\moleQule.Example.Qapture.csproj", "{92AF24C7-D216-4D80-8043-36FC9A2C98C2}"
EndProject
Project("{FAE04EC0-301F-11D3-BF4B-00C04F79EFBC}") = "moleQule.Plugin.Qapture", "moleQule.Plugin.Qapture\moleQule.Plugin.Qapture.csproj", "{F5EAFD24-67D2-4C5E-91A4-1739CA0B2C4B}"
EndProject
Project("{FAE04EC0-301F-11D3-BF4B-00C04F79EFBC}") = "moleQule.Installer.Qapture", "moleQule.Installer.Qapture\moleQule.Installer.Qapture.csproj", "{3C1BA522-DB2F-4862-9C97-E67CED82979B}"
EndProject
Global
	GlobalSection(SolutionConfigurationPlatforms) = preSolution
		Debug|Any CPU = Debug|Any CPU
		Debug|x64 = Debug|x64
		Debug|x86 = Debug|x86
		Demo|Any CPU = Demo|Any CPU
		Demo|x64 = Demo|x64
		Demo|x86 = Demo|x86
		Dev2|Any CPU = Dev2|Any CPU
		Dev2|x64 = Dev2|x64
		Dev2|x86 = Dev2|x86
		Dev3|Any CPU = Dev3|Any CPU
		Dev3|x64 = Dev3|x64
		Dev3|x86 = Dev3|x86
		Dev4|Any CPU = Dev4|Any CPU
		Dev4|x64 = Dev4|x64
		Dev4|x86 = Dev4|x86
		Develop|Any CPU = Develop|Any CPU
		Develop|x64 = Develop|x64
		Develop|x86 = Develop|x86
		Release|Any CPU = Release|Any CPU
		Release|x64 = Release|x64
		Release|x86 = Release|x86
		Staging|Any CPU = Staging|Any CPU
		Staging|x64 = Staging|x64
		Staging|x86 = Staging|x86
	EndGlobalSection
	GlobalSection(ProjectConfigurationPlatforms) = postSolution
		{0F100855-31B2-467B-AB74-F9504987923B}.Debug|Any CPU.ActiveCfg = Debug|Any CPU
		{0F100855-31B2-467B-AB74-F9504987923B}.Debug|Any CPU.Build.0 = Debug|Any CPU
		{0F100855-31B2-467B-AB74-F9504987923B}.Debug|x64.ActiveCfg = Debug|Any CPU
		{0F100855-31B2-467B-AB74-F9504987923B}.Debug|x86.ActiveCfg = Debug|Any CPU
		{0F100855-31B2-467B-AB74-F9504987923B}.Demo|Any CPU.ActiveCfg = Demo|Any CPU
		{0F100855-31B2-467B-AB74-F9504987923B}.Demo|Any CPU.Build.0 = Demo|Any CPU
		{0F100855-31B2-467B-AB74-F9504987923B}.Demo|x64.ActiveCfg = Debug|Any CPU
		{0F100855-31B2-467B-AB74-F9504987923B}.Demo|x86.ActiveCfg = Debug|Any CPU
		{0F100855-31B2-467B-AB74-F9504987923B}.Dev2|Any CPU.ActiveCfg = Debug|Any CPU
		{0F100855-31B2-467B-AB74-F9504987923B}.Dev2|Any CPU.Build.0 = Debug|Any CPU
		{0F100855-31B2-467B-AB74-F9504987923B}.Dev2|x64.ActiveCfg = Debug|Any CPU
		{0F100855-31B2-467B-AB74-F9504987923B}.Dev2|x86.ActiveCfg = Debug|Any CPU
		{0F100855-31B2-467B-AB74-F9504987923B}.Dev3|Any CPU.ActiveCfg = Debug|Any CPU
		{0F100855-31B2-467B-AB74-F9504987923B}.Dev3|Any CPU.Build.0 = Debug|Any CPU
		{0F100855-31B2-467B-AB74-F9504987923B}.Dev3|x64.ActiveCfg = Debug|Any CPU
		{0F100855-31B2-467B-AB74-F9504987923B}.Dev3|x86.ActiveCfg = Debug|Any CPU
		{0F100855-31B2-467B-AB74-F9504987923B}.Dev4|Any CPU.ActiveCfg = Debug|Any CPU
		{0F100855-31B2-467B-AB74-F9504987923B}.Dev4|Any CPU.Build.0 = Debug|Any CPU
		{0F100855-31B2-467B-AB74-F9504987923B}.Dev4|x64.ActiveCfg = Debug|Any CPU
		{0F100855-31B2-467B-AB74-F9504987923B}.Dev4|x86.ActiveCfg = Debug|Any CPU
		{0F100855-31B2-467B-AB74-F9504987923B}.Develop|Any CPU.ActiveCfg = Debug|Any CPU
		{0F100855-31B2-467B-AB74-F9504987923B}.Develop|Any CPU.Build.0 = Debug|Any CPU
		{0F100855-31B2-467B-AB74-F9504987923B}.Develop|x64.ActiveCfg = Debug|Any CPU
		{0F100855-31B2-467B-AB74-F9504987923B}.Develop|x86.ActiveCfg = Debug|Any CPU
		{0F100855-31B2-467B-AB74-F9504987923B}.Release|Any CPU.ActiveCfg = Release|Any CPU
		{0F100855-31B2-467B-AB74-F9504987923B}.Release|Any CPU.Build.0 = Release|Any CPU
		{0F100855-31B2-467B-AB74-F9504987923B}.Release|x64.ActiveCfg = Release|Any CPU
		{0F100855-31B2-467B-AB74-F9504987923B}.Release|x86.ActiveCfg = Release|Any CPU
		{0F100855-31B2-467B-AB74-F9504987923B}.Staging|Any CPU.ActiveCfg = Release|Any CPU
		{0F100855-31B2-467B-AB74-F9504987923B}.Staging|Any CPU.Build.0 = Release|Any CPU
		{0F100855-31B2-467B-AB74-F9504987923B}.Staging|x64.ActiveCfg = Release|Any CPU
		{0F100855-31B2-467B-AB74-F9504987923B}.Staging|x86.ActiveCfg = Release|Any CPU
		{92AF24C7-D216-4D80-8043-36FC9A2C98C2}.Debug|Any CPU.ActiveCfg = Debug|Any CPU
		{92AF24C7-D216-4D80-8043-36FC9A2C98C2}.Debug|Any CPU.Build.0 = Debug|Any CPU
		{92AF24C7-D216-4D80-8043-36FC9A2C98C2}.Debug|x64.ActiveCfg = Debug|Any CPU
		{92AF24C7-D216-4D80-8043-36FC9A2C98C2}.Debug|x86.ActiveCfg = Debug|Any CPU
		{92AF24C7-D216-4D80-8043-36FC9A2C98C2}.Demo|Any CPU.ActiveCfg = Demo|Any CPU
		{92AF24C7-D216-4D80-8043-36FC9A2C98C2}.Demo|Any CPU.Build.0 = Demo|Any CPU
		{92AF24C7-D216-4D80-8043-36FC9A2C98C2}.Demo|x64.ActiveCfg = Debug|Any CPU
		{92AF24C7-D216-4D80-8043-36FC9A2C98C2}.Demo|x86.ActiveCfg = Debug|Any CPU
		{92AF24C7-D216-4D80-8043-36FC9A2C98C2}.Dev2|Any CPU.ActiveCfg = Debug|Any CPU
		{92AF24C7-D216-4D80-8043-36FC9A2C98C2}.Dev2|Any CPU.Build.0 = Debug|Any CPU
		{92AF24C7-D216-4D80-8043-36FC9A2C98C2}.Dev2|x64.ActiveCfg = Debug|Any CPU
		{92AF24C7-D216-4D80-8043-36FC9A2C98C2}.Dev2|x86.ActiveCfg = Debug|Any CPU
		{92AF24C7-D216-4D80-8043-36FC9A2C98C2}.Dev3|Any CPU.ActiveCfg = Debug|Any CPU
		{92AF24C7-D216-4D80-8043-36FC9A2C98C2}.Dev3|Any CPU.Build.0 = Debug|Any CPU
		{92AF24C7-D216-4D80-8043-36FC9A2C98C2}.Dev3|x64.ActiveCfg = Debug|Any CPU
		{92AF24C7-D216-4D80-8043-36FC9A2C98C2}.Dev3|x86.ActiveCfg = Debug|Any CPU
		{92AF24C7-D216-4D80-8043-36FC9A2C98C2}.Dev4|Any CPU.ActiveCfg = Debug|Any CPU
		{92AF24C7-D216-4D80-8043-36FC9A2C98C2}.Dev4|Any CPU.Build.0 = Debug|Any CPU
		{92AF24C7-D216-4D80-8043-36FC9A2C98C2}.Dev4|x64.ActiveCfg = Debug|Any CPU
		{92AF24C7-D216-4D80-8043-36FC9A2C98C2}.Dev4|x86.ActiveCfg = Debug|Any CPU
		{92AF24C7-D216-4D80-8043-36FC9A2C98C2}.Develop|Any CPU.ActiveCfg = Debug|Any CPU
		{92AF24C7-D216-4D80-8043-36FC9A2C98C2}.Develop|Any CPU.Build.0 = Debug|Any CPU
		{92AF24C7-D216-4D80-8043-36FC9A2C98C2}.Develop|x64.ActiveCfg = Debug|Any CPU
		{92AF24C7-D216-4D80-8043-36FC9A2C98C2}.Develop|x86.ActiveCfg = Debug|Any CPU
		{92AF24C7-D216-4D80-8043-36FC9A2C98C2}.Release|Any CPU.ActiveCfg = Release|Any CPU
		{92AF24C7-D216-4D80-8043-36FC9A2C98C2}.Release|Any CPU.Build.0 = Release|Any CPU
		{92AF24C7-D216-4D80-8043-36FC9A2C98C2}.Release|x64.ActiveCfg = Release|Any CPU
		{92AF24C7-D216-4D80-8043-36FC9A2C98C2}.Release|x86.ActiveCfg = Release|Any CPU
		{92AF24C7-D216-4D80-8043-36FC9A2C98C2}.Staging|Any CPU.ActiveCfg = Release|Any CPU
		{92AF24C7-D216-4D80-8043-36FC9A2C98C2}.Staging|Any CPU.Build.0 = Release|Any CPU
		{92AF24C7-D216-4D80-8043-36FC9A2C98C2}.Staging|x64.ActiveCfg = Release|Any CPU
		{92AF24C7-D216-4D80-8043-36FC9A2C98C2}.Staging|x86.ActiveCfg = Release|Any CPU
		{F5EAFD24-67D2-4C5E-91A4-1739CA0B2C4B}.Debug|Any CPU.ActiveCfg = Debug|Any CPU
		{F5EAFD24-67D2-4C5E-91A4-1739CA0B2C4B}.Debug|Any CPU.Build.0 = Debug|Any CPU
		{F5EAFD24-67D2-4C5E-91A4-1739CA0B2C4B}.Debug|x64.ActiveCfg = Debug|x64
		{F5EAFD24-67D2-4C5E-91A4-1739CA0B2C4B}.Debug|x64.Build.0 = Debug|x64
		{F5EAFD24-67D2-4C5E-91A4-1739CA0B2C4B}.Debug|x86.ActiveCfg = Debug|x86
		{F5EAFD24-67D2-4C5E-91A4-1739CA0B2C4B}.Debug|x86.Build.0 = Debug|x86
		{F5EAFD24-67D2-4C5E-91A4-1739CA0B2C4B}.Demo|Any CPU.ActiveCfg = Demo|Any CPU
		{F5EAFD24-67D2-4C5E-91A4-1739CA0B2C4B}.Demo|Any CPU.Build.0 = Demo|Any CPU
		{F5EAFD24-67D2-4C5E-91A4-1739CA0B2C4B}.Demo|x64.ActiveCfg = Demo|x64
		{F5EAFD24-67D2-4C5E-91A4-1739CA0B2C4B}.Demo|x64.Build.0 = Demo|x64
		{F5EAFD24-67D2-4C5E-91A4-1739CA0B2C4B}.Demo|x86.ActiveCfg = Demo|x86
		{F5EAFD24-67D2-4C5E-91A4-1739CA0B2C4B}.Demo|x86.Build.0 = Demo|x86
		{F5EAFD24-67D2-4C5E-91A4-1739CA0B2C4B}.Dev2|Any CPU.ActiveCfg = Demo|x86
		{F5EAFD24-67D2-4C5E-91A4-1739CA0B2C4B}.Dev2|x64.ActiveCfg = Demo|x86
		{F5EAFD24-67D2-4C5E-91A4-1739CA0B2C4B}.Dev2|x86.ActiveCfg = Demo|x86
		{F5EAFD24-67D2-4C5E-91A4-1739CA0B2C4B}.Dev2|x86.Build.0 = Demo|x86
		{F5EAFD24-67D2-4C5E-91A4-1739CA0B2C4B}.Dev3|Any CPU.ActiveCfg = Demo|x86
		{F5EAFD24-67D2-4C5E-91A4-1739CA0B2C4B}.Dev3|x64.ActiveCfg = Demo|x86
		{F5EAFD24-67D2-4C5E-91A4-1739CA0B2C4B}.Dev3|x86.ActiveCfg = Demo|x86
		{F5EAFD24-67D2-4C5E-91A4-1739CA0B2C4B}.Dev3|x86.Build.0 = Demo|x86
		{F5EAFD24-67D2-4C5E-91A4-1739CA0B2C4B}.Dev4|Any CPU.ActiveCfg = Demo|x86
		{F5EAFD24-67D2-4C5E-91A4-1739CA0B2C4B}.Dev4|x64.ActiveCfg = Demo|x86
		{F5EAFD24-67D2-4C5E-91A4-1739CA0B2C4B}.Dev4|x86.ActiveCfg = Demo|x86
		{F5EAFD24-67D2-4C5E-91A4-1739CA0B2C4B}.Dev4|x86.Build.0 = Demo|x86
		{F5EAFD24-67D2-4C5E-91A4-1739CA0B2C4B}.Develop|Any CPU.ActiveCfg = Demo|x86
		{F5EAFD24-67D2-4C5E-91A4-1739CA0B2C4B}.Develop|x64.ActiveCfg = Demo|x86
		{F5EAFD24-67D2-4C5E-91A4-1739CA0B2C4B}.Develop|x86.ActiveCfg = Demo|x86
		{F5EAFD24-67D2-4C5E-91A4-1739CA0B2C4B}.Develop|x86.Build.0 = Demo|x86
		{F5EAFD24-67D2-4C5E-91A4-1739CA0B2C4B}.Release|Any CPU.ActiveCfg = Release|Any CPU
		{F5EAFD24-67D2-4C5E-91A4-1739CA0B2C4B}.Release|Any CPU.Build.0 = Release|Any CPU
		{F5EAFD24-67D2-4C5E-91A4-1739CA0B2C4B}.Release|x64.ActiveCfg = Release|x64
		{F5EAFD24-67D2-4C5E-91A4-1739CA0B2C4B}.Release|x64.Build.0 = Release|x64
		{F5EAFD24-67D2-4C5E-91A4-1739CA0B2C4B}.Release|x86.ActiveCfg = Release|x86
		{F5EAFD24-67D2-4C5E-91A4-1739CA0B2C4B}.Release|x86.Build.0 = Release|x86
		{F5EAFD24-67D2-4C5E-91A4-1739CA0B2C4B}.Staging|Any CPU.ActiveCfg = Staging|Any CPU
		{F5EAFD24-67D2-4C5E-91A4-1739CA0B2C4B}.Staging|Any CPU.Build.0 = Staging|Any CPU
		{F5EAFD24-67D2-4C5E-91A4-1739CA0B2C4B}.Staging|x64.ActiveCfg = Staging|x64
		{F5EAFD24-67D2-4C5E-91A4-1739CA0B2C4B}.Staging|x64.Build.0 = Staging|x64
		{F5EAFD24-67D2-4C5E-91A4-1739CA0B2C4B}.Staging|x86.ActiveCfg = Staging|x86
		{F5EAFD24-67D2-4C5E-91A4-1739CA0B2C4B}.Staging|x86.Build.0 = Staging|x86
		{3C1BA522-DB2F-4862-9C97-E67CED82979B}.Debug|Any CPU.ActiveCfg = Debug|Any CPU
		{3C1BA522-DB2F-4862-9C97-E67CED82979B}.Debug|Any CPU.Build.0 = Debug|Any CPU
		{3C1BA522-DB2F-4862-9C97-E67CED82979B}.Debug|x64.ActiveCfg = Debug|x86
		{3C1BA522-DB2F-4862-9C97-E67CED82979B}.Debug|x86.ActiveCfg = Debug|x86
		{3C1BA522-DB2F-4862-9C97-E67CED82979B}.Debug|x86.Build.0 = Debug|x86
		{3C1BA522-DB2F-4862-9C97-E67CED82979B}.Demo|Any CPU.ActiveCfg = Release|Any CPU
		{3C1BA522-DB2F-4862-9C97-E67CED82979B}.Demo|Any CPU.Build.0 = Release|Any CPU
		{3C1BA522-DB2F-4862-9C97-E67CED82979B}.Demo|x64.ActiveCfg = Debug|Any CPU
		{3C1BA522-DB2F-4862-9C97-E67CED82979B}.Demo|x86.ActiveCfg = Debug|Any CPU
		{3C1BA522-DB2F-4862-9C97-E67CED82979B}.Dev2|Any CPU.ActiveCfg = Debug|Any CPU
		{3C1BA522-DB2F-4862-9C97-E67CED82979B}.Dev2|Any CPU.Build.0 = Debug|Any CPU
		{3C1BA522-DB2F-4862-9C97-E67CED82979B}.Dev2|x64.ActiveCfg = Debug|Any CPU
		{3C1BA522-DB2F-4862-9C97-E67CED82979B}.Dev2|x86.ActiveCfg = Debug|Any CPU
		{3C1BA522-DB2F-4862-9C97-E67CED82979B}.Dev3|Any CPU.ActiveCfg = Debug|Any CPU
		{3C1BA522-DB2F-4862-9C97-E67CED82979B}.Dev3|Any CPU.Build.0 = Debug|Any CPU
		{3C1BA522-DB2F-4862-9C97-E67CED82979B}.Dev3|x64.ActiveCfg = Debug|Any CPU
		{3C1BA522-DB2F-4862-9C97-E67CED82979B}.Dev3|x86.ActiveCfg = Debug|Any CPU
		{3C1BA522-DB2F-4862-9C97-E67CED82979B}.Dev4|Any CPU.ActiveCfg = Debug|Any CPU
		{3C1BA522-DB2F-4862-9C97-E67CED82979B}.Dev4|Any CPU.Build.0 = Debug|Any CPU
		{3C1BA522-DB2F-4862-9C97-E67CED82979B}.Dev4|x64.ActiveCfg = Debug|Any CPU
		{3C1BA522-DB2F-4862-9C97-E67CED82979B}.Dev4|x86.ActiveCfg = Debug|Any CPU
		{3C1BA522-DB2F-4862-9C97-E67CED82979B}.Develop|Any CPU.ActiveCfg = Debug|Any CPU
		{3C1BA522-DB2F-4862-9C97-E67CED82979B}.Develop|Any CPU.Build.0 = Debug|Any CPU
		{3C1BA522-DB2F-4862-9C97-E67CED82979B}.Develop|x64.ActiveCfg = Debug|Any CPU
		{3C1BA522-DB2F-4862-9C97-E67CED82979B}.Develop|x86.ActiveCfg = Debug|Any CPU
		{3C1BA522-DB2F-4862-9C97-E67CED82979B}.Release|Any CPU.ActiveCfg = Release|Any CPU
		{3C1BA522-DB2F-4862-9C97-E67CED82979B}.Release|Any CPU.Build.0 = Release|Any CPU
		{3C1BA522-DB2F-4862-9C97-E67CED82979B}.Release|x64.ActiveCfg = Release|x86
		{3C1BA522-DB2F-4862-9C97-E67CED82979B}.Release|x86.ActiveCfg = Release|x86
		{3C1BA522-DB2F-4862-9C97-E67CED82979B}.Release|x86.Build.0 = Release|x86
		{3C1BA522-DB2F-4862-9C97-E67CED82979B}.Staging|Any CPU.ActiveCfg = Release|Any CPU
		{3C1BA522-DB2F-4862-9C97-E67CED82979B}.Staging|Any CPU.Build.0 = Release|Any CPU
		{3C1BA522-DB2F-4862-9C97-E67CED82979B}.Staging|x64.ActiveCfg = Release|Any CPU
		{3C1BA522-DB2F-4862-9C97-E67CED82979B}.Staging|x86.ActiveCfg = Release|Any CPU
	EndGlobalSection
	GlobalSection(SolutionProperties) = preSolution
		HideSolutionNode = FALSE
	EndGlobalSection
EndGlobal
